Microsoft Visual Studio Solution File, Format Version 12.00
# Visual Studio Version 17
VisualStudioVersion = 17.5.2.0
MinimumVisualStudioVersion = 10.0.40219.1
Project("{FAE04EC0-301F-11D3-BF4B-00C04F79EFBC}") = "1csharp", "1csharp\1csharp.csproj", "{613642CC-2E0D-9333-01E3-A95CE9098254}"
EndProject
Global
	GlobalSection(SolutionConfigurationPlatforms) = preSolution
		Debug|Any CPU = Debug|Any CPU
		Release|Any CPU = Release|Any CPU
	EndGlobalSection
	GlobalSection(ProjectConfigurationPlatforms) = postSolution
		{613642CC-2E0D-9333-01E3-A95CE9098254}.Debug|Any CPU.ActiveCfg = Debug|Any CPU
		{613642CC-2E0D-9333-01E3-A95CE9098254}.Debug|Any CPU.Build.0 = Debug|Any CPU
		{613642CC-2E0D-9333-01E3-A95CE9098254}.Release|Any CPU.ActiveCfg = Release|Any CPU
		{613642CC-2E0D-9333-01E3-A95CE9098254}.Release|Any CPU.Build.0 = Release|Any CPU
	EndGlobalSection
	GlobalSection(SolutionProperties) = preSolution
		HideSolutionNode = FALSE
	EndGlobalSection
	GlobalSection(ExtensibilityGlobals) = postSolution
		SolutionGuid = {262F0822-3303-46DB-910D-E1C61A202C63}
	EndGlobalSection
EndGlobal
